
Microsoft Visual Studio Solution File, Format Version 12.00
# Visual Studio 15
VisualStudioVersion = 15.0.28010.2036
MinimumVisualStudioVersion = 10.0.40219.1
Project("{FAE04EC0-301F-11D3-BF4B-00C04F79EFBC}") = "CatDog.Android", "CatDog\CatDog.Android\CatDog.Android.csproj", "{E9795E4E-ADEE-481E-86CC-5F15FCDBC838}"
EndProject
Project("{FAE04EC0-301F-11D3-BF4B-00C04F79EFBC}") = "CatDog.iOS", "CatDog\CatDog.iOS\CatDog.iOS.csproj", "{80F5C301-B22F-4010-AB01-B845DBA3BC8C}"
EndProject
Project("{FAE04EC0-301F-11D3-BF4B-00C04F79EFBC}") = "CatDog", "CatDog\CatDog\CatDog.csproj", "{46E81996-824B-4761-854E-4B3C650945E0}"
EndProject
Global
	GlobalSection(SolutionConfigurationPlatforms) = preSolution
		Ad-Hoc|Any CPU = Ad-Hoc|Any CPU
		Ad-Hoc|iPhone = Ad-Hoc|iPhone
		Ad-Hoc|iPhoneSimulator = Ad-Hoc|iPhoneSimulator
		AppStore|Any CPU = AppStore|Any CPU
		AppStore|iPhone = AppStore|iPhone
		AppStore|iPhoneSimulator = AppStore|iPhoneSimulator
		Debug|Any CPU = Debug|Any CPU
		Debug|iPhone = Debug|iPhone
		Debug|iPhoneSimulator = Debug|iPhoneSimulator
		Release|Any CPU = Release|Any CPU
		Release|iPhone = Release|iPhone
		Release|iPhoneSimulator = Release|iPhoneSimulator
	EndGlobalSection
	GlobalSection(ProjectConfigurationPlatforms) = postSolution
		{E9795E4E-ADEE-481E-86CC-5F15FCDBC838}.Ad-Hoc|Any CPU.ActiveCfg = Release|Any CPU
		{E9795E4E-ADEE-481E-86CC-5F15FCDBC838}.Ad-Hoc|Any CPU.Build.0 = Release|Any CPU
		{E9795E4E-ADEE-481E-86CC-5F15FCDBC838}.Ad-Hoc|Any CPU.Deploy.0 = Release|Any CPU
		{E9795E4E-ADEE-481E-86CC-5F15FCDBC838}.Ad-Hoc|iPhone.ActiveCfg = Release|Any CPU
		{E9795E4E-ADEE-481E-86CC-5F15FCDBC838}.Ad-Hoc|iPhone.Build.0 = Release|Any CPU
		{E9795E4E-ADEE-481E-86CC-5F15FCDBC838}.Ad-Hoc|iPhone.Deploy.0 = Release|Any CPU
		{E9795E4E-ADEE-481E-86CC-5F15FCDBC838}.Ad-Hoc|iPhoneSimulator.ActiveCfg = Release|Any CPU
		{E9795E4E-ADEE-481E-86CC-5F15FCDBC838}.Ad-Hoc|iPhoneSimulator.Build.0 = Release|Any CPU
		{E9795E4E-ADEE-481E-86CC-5F15FCDBC838}.Ad-Hoc|iPhoneSimulator.Deploy.0 = Release|Any CPU
		{E9795E4E-ADEE-481E-86CC-5F15FCDBC838}.AppStore|Any CPU.ActiveCfg = Release|Any CPU
		{E9795E4E-ADEE-481E-86CC-5F15FCDBC838}.AppStore|Any CPU.Build.0 = Release|Any CPU
		{E9795E4E-ADEE-481E-86CC-5F15FCDBC838}.AppStore|Any CPU.Deploy.0 = Release|Any CPU
		{E9795E4E-ADEE-481E-86CC-5F15FCDBC838}.AppStore|iPhone.ActiveCfg = Release|Any CPU
		{E9795E4E-ADEE-481E-86CC-5F15FCDBC838}.AppStore|iPhone.Build.0 = Release|Any CPU
		{E9795E4E-ADEE-481E-86CC-5F15FCDBC838}.AppStore|iPhone.Deploy.0 = Release|Any CPU
		{E9795E4E-ADEE-481E-86CC-5F15FCDBC838}.AppStore|iPhoneSimulator.ActiveCfg = Release|Any CPU
		{E9795E4E-ADEE-481E-86CC-5F15FCDBC838}.AppStore|iPhoneSimulator.Build.0 = Release|Any CPU
		{E9795E4E-ADEE-481E-86CC-5F15FCDBC838}.AppStore|iPhoneSimulator.Deploy.0 = Release|Any CPU
		{E9795E4E-ADEE-481E-86CC-5F15FCDBC838}.Debug|Any CPU.ActiveCfg = Debug|Any CPU
		{E9795E4E-ADEE-481E-86CC-5F15FCDBC838}.Debug|Any CPU.Build.0 = Debug|Any CPU
		{E9795E4E-ADEE-481E-86CC-5F15FCDBC838}.Debug|Any CPU.Deploy.0 = Debug|Any CPU
		{E9795E4E-ADEE-481E-86CC-5F15FCDBC838}.Debug|iPhone.ActiveCfg = Debug|Any CPU
		{E9795E4E-ADEE-481E-86CC-5F15FCDBC838}.Debug|iPhone.Build.0 = Debug|Any CPU
		{E9795E4E-ADEE-481E-86CC-5F15FCDBC838}.Debug|iPhone.Deploy.0 = Debug|Any CPU
		{E9795E4E-ADEE-481E-86CC-5F15FCDBC838}.Debug|iPhoneSimulator.ActiveCfg = Debug|Any CPU
		{E9795E4E-ADEE-481E-86CC-5F15FCDBC838}.Debug|iPhoneSimulator.Build.0 = Debug|Any CPU
		{E9795E4E-ADEE-481E-86CC-5F15FCDBC838}.Debug|iPhoneSimulator.Deploy.0 = Debug|Any CPU
		{E9795E4E-ADEE-481E-86CC-5F15FCDBC838}.Release|Any CPU.ActiveCfg = Release|Any CPU
		{E9795E4E-ADEE-481E-86CC-5F15FCDBC838}.Release|Any CPU.Build.0 = Release|Any CPU
		{E9795E4E-ADEE-481E-86CC-5F15FCDBC838}.Release|Any CPU.Deploy.0 = Release|Any CPU
		{E9795E4E-ADEE-481E-86CC-5F15FCDBC838}.Release|iPhone.ActiveCfg = Release|Any CPU
		{E9795E4E-ADEE-481E-86CC-5F15FCDBC838}.Release|iPhone.Build.0 = Release|Any CPU
		{E9795E4E-ADEE-481E-86CC-5F15FCDBC838}.Release|iPhone.Deploy.0 = Release|Any CPU
		{E9795E4E-ADEE-481E-86CC-5F15FCDBC838}.Release|iPhoneSimulator.ActiveCfg = Release|Any CPU
		{E9795E4E-ADEE-481E-86CC-5F15FCDBC838}.Release|iPhoneSimulator.Build.0 = Release|Any CPU
		{E9795E4E-ADEE-481E-86CC-5F15FCDBC838}.Release|iPhoneSimulator.Deploy.0 = Release|Any CPU
		{80F5C301-B22F-4010-AB01-B845DBA3BC8C}.Ad-Hoc|Any CPU.ActiveCfg = Ad-Hoc|iPhone
		{80F5C301-B22F-4010-AB01-B845DBA3BC8C}.Ad-Hoc|Any CPU.Build.0 = Ad-Hoc|iPhone
		{80F5C301-B22F-4010-AB01-B845DBA3BC8C}.Ad-Hoc|Any CPU.Deploy.0 = Ad-Hoc|iPhone
		{80F5C301-B22F-4010-AB01-B845DBA3BC8C}.Ad-Hoc|iPhone.ActiveCfg = Ad-Hoc|iPhone
		{80F5C301-B22F-4010-AB01-B845DBA3BC8C}.Ad-Hoc|iPhone.Build.0 = Ad-Hoc|iPhone
		{80F5C301-B22F-4010-AB01-B845DBA3BC8C}.Ad-Hoc|iPhone.Deploy.0 = Ad-Hoc|iPhone
		{80F5C301-B22F-4010-AB01-B845DBA3BC8C}.Ad-Hoc|iPhoneSimulator.ActiveCfg = Ad-Hoc|iPhoneSimulator
		{80F5C301-B22F-4010-AB01-B845DBA3BC8C}.Ad-Hoc|iPhoneSimulator.Build.0 = Ad-Hoc|iPhoneSimulator
		{80F5C301-B22F-4010-AB01-B845DBA3BC8C}.Ad-Hoc|iPhoneSimulator.Deploy.0 = Ad-Hoc|iPhoneSimulator
		{80F5C301-B22F-4010-AB01-B845DBA3BC8C}.AppStore|Any CPU.ActiveCfg = AppStore|iPhone
		{80F5C301-B22F-4010-AB01-B845DBA3BC8C}.AppStore|Any CPU.Build.0 = AppStore|iPhone
		{80F5C301-B22F-4010-AB01-B845DBA3BC8C}.AppStore|Any CPU.Deploy.0 = AppStore|iPhone
		{80F5C301-B22F-4010-AB01-B845DBA3BC8C}.AppStore|iPhone.ActiveCfg = AppStore|iPhone
		{80F5C301-B22F-4010-AB01-B845DBA3BC8C}.AppStore|iPhone.Build.0 = AppStore|iPhone
		{80F5C301-B22F-4010-AB01-B845DBA3BC8C}.AppStore|iPhone.Deploy.0 = AppStore|iPhone
		{80F5C301-B22F-4010-AB01-B845DBA3BC8C}.AppStore|iPhoneSimulator.ActiveCfg = AppStore|iPhoneSimulator
		{80F5C301-B22F-4010-AB01-B845DBA3BC8C}.AppStore|iPhoneSimulator.Build.0 = AppStore|iPhoneSimulator
		{80F5C301-B22F-4010-AB01-B845DBA3BC8C}.AppStore|iPhoneSimulator.Deploy.0 = AppStore|iPhoneSimulator
		{80F5C301-B22F-4010-AB01-B845DBA3BC8C}.Debug|Any CPU.ActiveCfg = Debug|iPhoneSimulator
		{80F5C301-B22F-4010-AB01-B845DBA3BC8C}.Debug|Any CPU.Build.0 = Debug|iPhoneSimulator
		{80F5C301-B22F-4010-AB01-B845DBA3BC8C}.Debug|Any CPU.Deploy.0 = Debug|iPhoneSimulator
		{80F5C301-B22F-4010-AB01-B845DBA3BC8C}.Debug|iPhone.ActiveCfg = Debug|iPhone
		{80F5C301-B22F-4010-AB01-B845DBA3BC8C}.Debug|iPhone.Build.0 = Debug|iPhone
		{80F5C301-B22F-4010-AB01-B845DBA3BC8C}.Debug|iPhone.Deploy.0 = Debug|iPhone
		{80F5C301-B22F-4010-AB01-B845DBA3BC8C}.Debug|iPhoneSimulator.ActiveCfg = Debug|iPhoneSimulator
		{80F5C301-B22F-4010-AB01-B845DBA3BC8C}.Debug|iPhoneSimulator.Build.0 = Debug|iPhoneSimulator
		{80F5C301-B22F-4010-AB01-B845DBA3BC8C}.Debug|iPhoneSimulator.Deploy.0 = Debug|iPhoneSimulator
		{80F5C301-B22F-4010-AB01-B845DBA3BC8C}.Release|Any CPU.ActiveCfg = Release|iPhone
		{80F5C301-B22F-4010-AB01-B845DBA3BC8C}.Release|Any CPU.Build.0 = Release|iPhone
		{80F5C301-B22F-4010-AB01-B845DBA3BC8C}.Release|Any CPU.Deploy.0 = Release|iPhone
		{80F5C301-B22F-4010-AB01-B845DBA3BC8C}.Release|iPhone.ActiveCfg = Release|iPhone
		{80F5C301-B22F-4010-AB01-B845DBA3BC8C}.Release|iPhone.Build.0 = Release|iPhone
		{80F5C301-B22F-4010-AB01-B845DBA3BC8C}.Release|iPhone.Deploy.0 = Release|iPhone
		{80F5C301-B22F-4010-AB01-B845DBA3BC8C}.Release|iPhoneSimulator.ActiveCfg = Release|iPhoneSimulator
		{80F5C301-B22F-4010-AB01-B845DBA3BC8C}.Release|iPhoneSimulator.Build.0 = Release|iPhoneSimulator
		{80F5C301-B22F-4010-AB01-B845DBA3BC8C}.Release|iPhoneSimulator.Deploy.0 = Release|iPhoneSimulator
		{46E81996-824B-4761-854E-4B3C650945E0}.Ad-Hoc|Any CPU.ActiveCfg = Debug|Any CPU
		{46E81996-824B-4761-854E-4B3C650945E0}.Ad-Hoc|Any CPU.Build.0 = Debug|Any CPU
		{46E81996-824B-4761-854E-4B3C650945E0}.Ad-Hoc|Any CPU.Deploy.0 = Debug|Any CPU
		{46E81996-824B-4761-854E-4B3C650945E0}.Ad-Hoc|iPhone.ActiveCfg = Debug|Any CPU
		{46E81996-824B-4761-854E-4B3C650945E0}.Ad-Hoc|iPhone.Build.0 = Debug|Any CPU
		{46E81996-824B-4761-854E-4B3C650945E0}.Ad-Hoc|iPhone.Deploy.0 = Debug|Any CPU
		{46E81996-824B-4761-854E-4B3C650945E0}.Ad-Hoc|iPhoneSimulator.ActiveCfg = Debug|Any CPU
		{46E81996-824B-4761-854E-4B3C650945E0}.Ad-Hoc|iPhoneSimulator.Build.0 = Debug|Any CPU
		{46E81996-824B-4761-854E-4B3C650945E0}.Ad-Hoc|iPhoneSimulator.Deploy.0 = Debug|Any CPU
		{46E81996-824B-4761-854E-4B3C650945E0}.AppStore|Any CPU.ActiveCfg = Debug|Any CPU
		{46E81996-824B-4761-854E-4B3C650945E0}.AppStore|Any CPU.Build.0 = Debug|Any CPU
		{46E81996-824B-4761-854E-4B3C650945E0}.AppStore|Any CPU.Deploy.0 = Debug|Any CPU
		{46E81996-824B-4761-854E-4B3C650945E0}.AppStore|iPhone.ActiveCfg = Debug|Any CPU
		{46E81996-824B-4761-854E-4B3C650945E0}.AppStore|iPhone.Build.0 = Debug|Any CPU
		{46E81996-824B-4761-854E-4B3C650945E0}.AppStore|iPhone.Deploy.0 = Debug|Any CPU
		{46E81996-824B-4761-854E-4B3C650945E0}.AppStore|iPhoneSimulator.ActiveCfg = Debug|Any CPU
		{46E81996-824B-4761-854E-4B3C650945E0}.AppStore|iPhoneSimulator.Build.0 = Debug|Any CPU
		{46E81996-824B-4761-854E-4B3C650945E0}.AppStore|iPhoneSimulator.Deploy.0 = Debug|Any CPU
		{46E81996-824B-4761-854E-4B3C650945E0}.Debug|Any CPU.ActiveCfg = Debug|Any CPU
		{46E81996-824B-4761-854E-4B3C650945E0}.Debug|Any CPU.Build.0 = Debug|Any CPU
		{46E81996-824B-4761-854E-4B3C650945E0}.Debug|Any CPU.Deploy.0 = Debug|Any CPU
		{46E81996-824B-4761-854E-4B3C650945E0}.Debug|iPhone.ActiveCfg = Debug|Any CPU
		{46E81996-824B-4761-854E-4B3C650945E0}.Debug|iPhone.Build.0 = Debug|Any CPU
		{46E81996-824B-4761-854E-4B3C650945E0}.Debug|iPhone.Deploy.0 = Debug|Any CPU
		{46E81996-824B-4761-854E-4B3C650945E0}.Debug|iPhoneSimulator.ActiveCfg = Debug|Any CPU
		{46E81996-824B-4761-854E-4B3C650945E0}.Debug|iPhoneSimulator.Build.0 = Debug|Any CPU
		{46E81996-824B-4761-854E-4B3C650945E0}.Debug|iPhoneSimulator.Deploy.0 = Debug|Any CPU
		{46E81996-824B-4761-854E-4B3C650945E0}.Release|Any CPU.ActiveCfg = Release|Any CPU
		{46E81996-824B-4761-854E-4B3C650945E0}.Release|Any CPU.Build.0 = Release|Any CPU
		{46E81996-824B-4761-854E-4B3C650945E0}.Release|Any CPU.Deploy.0 = Release|Any CPU
		{46E81996-824B-4761-854E-4B3C650945E0}.Release|iPhone.ActiveCfg = Release|Any CPU
		{46E81996-824B-4761-854E-4B3C650945E0}.Release|iPhone.Build.0 = Release|Any CPU
		{46E81996-824B-4761-854E-4B3C650945E0}.Release|iPhone.Deploy.0 = Release|Any CPU
		{46E81996-824B-4761-854E-4B3C650945E0}.Release|iPhoneSimulator.ActiveCfg = Release|Any CPU
		{46E81996-824B-4761-854E-4B3C650945E0}.Release|iPhoneSimulator.Build.0 = Release|Any CPU
		{46E81996-824B-4761-854E-4B3C650945E0}.Release|iPhoneSimulator.Deploy.0 = Release|Any CPU
	EndGlobalSection
	GlobalSection(SolutionProperties) = preSolution
		HideSolutionNode = FALSE
	EndGlobalSection
	GlobalSection(ExtensibilityGlobals) = postSolution
		SolutionGuid = {844F2975-35DA-4A0E-8BD7-A3438F3B5245}
	EndGlobalSection
EndGlobal
